PODS:
  - CTMediator (32)
  - qdmtwokit (3):
    - CTMediator

DEPENDENCIES:
  - qdmtwokit (from `../`)

SPEC REPOS:
  https://github.com/CocoaPods/Specs.git:
    - CTMediator

EXTERNAL SOURCES:
  qdmtwokit:
    :path: "../"

SPEC CHECKSUMS:
  CTMediator: 10f2c387be0ab2061b75b88c86f9903eedba1ce8
  qdmtwokit: 9ea8ffd0b2d54f6528cdac0ab1f7b4654d3d1bef

PODFILE CHECKSUM: 7e275df4888b2dad556e9eec8ebf687e67e12af9

COCOAPODS: 1.8.4
